{
  "name": "jl-project-2",
  "version": "1.0.0",
  "lockfileVersion": 2,
  "requires": true,
  "packages": {
    "": {
      "name": "jl-project-2",
      "version": "1.0.0",
      "license": "ISC",
      "dependencies": {
        "@3d-dice/dice-box": "^1.0.5"
      }
    },
    "node_modules/@3d-dice/dice-box": {
      "version": "1.0.5",
      "resolved": "https://registry.npmjs.org/@3d-dice/dice-box/-/dice-box-1.0.5.tgz",
      "integrity": "sha512-8Sy1ZODZkZgqLvcslteWu5/d5nivP/hBCgU1aCQ9CYTkBMsknncYCNuFWqaUWGh1RfXF+86daQ9UNMNSwSM1hw==",
      "hasInstallScript": true,
      "dependencies": {
        "@babylonjs/core": "^5.10.0",
        "@babylonjs/loaders": "^5.10.0",
        "@babylonjs/materials": "^5.10.0",
        "copy-dir": "^1.3.0",
        "node-abort-controller": "^3.0.1"
      }
    },
    "node_modules/@babylonjs/core": {
      "version": "5.18.0",
      "resolved": "https://registry.npmjs.org/@babylonjs/core/-/core-5.18.0.tgz",
      "integrity": "sha512-nt+drqsyDrpV4guRnt1gruNLgHh2mWMZFH3LzYQIQm5MP6cgJW/XUbKpT0TvZ16jAP1Qvg0qUXX3lmt582I9kw==",
      "dependencies": {
        "tslib": "^2.4.0"
      }
    },
    "node_modules/@babylonjs/loaders": {
      "version": "5.18.0",
      "resolved": "https://registry.npmjs.org/@babylonjs/loaders/-/loaders-5.18.0.tgz",
      "integrity": "sha512-YbfkPr2wvbsof4Ud9gibAjUSXkhF0vxvpo+fkes7swnWFB9SVNR2oD+J0xEKPtVzVSXt4sle0xSgUbwBvjXjOw==",
      "dependencies": {
        "tslib": "^2.4.0"
      },
      "peerDependencies": {
        "@babylonjs/core": "^5.0.0",
        "babylonjs-gltf2interface": "^5.0.0"
      }
    },
    "node_modules/@babylonjs/materials": {
      "version": "5.18.0",
      "resolved": "https://registry.npmjs.org/@babylonjs/materials/-/materials-5.18.0.tgz",
      "integrity": "sha512-bzV79XxzeqWQI9GW7HqlK7J/lqkV2Y0G7gyQ3Bo3XDny6CYTYxVWmw7rBI9wX4Evb0mOB4Mio6lGFv2EsoAMSQ==",
      "dependencies": {
        "tslib": "^2.4.0"
      },
      "peerDependencies": {
        "@babylonjs/core": "^5.0.0"
      }
    },
    "node_modules/babylonjs-gltf2interface": {
      "version": "5.18.0",
      "resolved": "https://registry.npmjs.org/babylonjs-gltf2interface/-/babylonjs-gltf2interface-5.18.0.tgz",
      "integrity": "sha512-VucYtbedtHv89lEhgrD5ULoXTCcU8ZjyBygdh06VybiVSaCzQqTxam6ZFibazpkzB6maSHe8yAm3wE1EPfOxhg==",
      "peer": true
    },
    "node_modules/copy-dir": {
      "version": "1.3.0",
      "resolved": "https://registry.npmjs.org/copy-dir/-/copy-dir-1.3.0.tgz",
      "integrity": "sha512-Q4+qBFnN4bwGwvtXXzbp4P/4iNk0MaiGAzvQ8OiMtlLjkIKjmNN689uVzShSM0908q7GoFHXIPx4zi75ocoaHw=="
    },
    "node_modules/node-abort-controller": {
      "version": "3.0.1",
      "resolved": "https://registry.npmjs.org/node-abort-controller/-/node-abort-controller-3.0.1.tgz",
      "integrity": "sha512-/ujIVxthRs+7q6hsdjHMaj8hRG9NuWmwrz+JdRwZ14jdFoKSkm+vDsCbF9PLpnSqjaWQJuTmVtcWHNLr+vrOFw=="
    },
    "node_modules/tslib": {
      "version": "2.4.0",
      "resolved": "https://registry.npmjs.org/tslib/-/tslib-2.4.0.tgz",
      "integrity": "sha512-d6xOpEDfsi2CZVlPQzGeux8XMwLT9hssAsaPYExaQMuYskwb+x1x7J371tWlbBdWHroy99KnVB6qIkUbs5X3UQ=="
    }
  },
  "dependencies": {
    "@3d-dice/dice-box": {
      "version": "1.0.5",
      "resolved": "https://registry.npmjs.org/@3d-dice/dice-box/-/dice-box-1.0.5.tgz",
      "integrity": "sha512-8Sy1ZODZkZgqLvcslteWu5/d5nivP/hBCgU1aCQ9CYTkBMsknncYCNuFWqaUWGh1RfXF+86daQ9UNMNSwSM1hw==",
      "requires": {
        "@babylonjs/core": "^5.10.0",
        "@babylonjs/loaders": "^5.10.0",
        "@babylonjs/materials": "^5.10.0",
        "copy-dir": "^1.3.0",
        "node-abort-controller": "^3.0.1"
      }
    },
    "@babylonjs/core": {
      "version": "5.18.0",
      "resolved": "https://registry.npmjs.org/@babylonjs/core/-/core-5.18.0.tgz",
      "integrity": "sha512-nt+drqsyDrpV4guRnt1gruNLgHh2mWMZFH3LzYQIQm5MP6cgJW/XUbKpT0TvZ16jAP1Qvg0qUXX3lmt582I9kw==",
      "requires": {
        "tslib": "^2.4.0"
      }
    },
    "@babylonjs/loaders": {
      "version": "5.18.0",
      "resolved": "https://registry.npmjs.org/@babylonjs/loaders/-/loaders-5.18.0.tgz",
      "integrity": "sha512-YbfkPr2wvbsof4Ud9gibAjUSXkhF0vxvpo+fkes7swnWFB9SVNR2oD+J0xEKPtVzVSXt4sle0xSgUbwBvjXjOw==",
      "requires": {
        "tslib": "^2.4.0"
      }
    },
    "@babylonjs/materials": {
      "version": "5.18.0",
      "resolved": "https://registry.npmjs.org/@babylonjs/materials/-/materials-5.18.0.tgz",
      "integrity": "sha512-bzV79XxzeqWQI9GW7HqlK7J/lqkV2Y0G7gyQ3Bo3XDny6CYTYxVWmw7rBI9wX4Evb0mOB4Mio6lGFv2EsoAMSQ==",
      "requires": {
        "tslib": "^2.4.0"
      }
    },
    "babylonjs-gltf2interface": {
      "version": "5.18.0",
      "resolved": "https://registry.npmjs.org/babylonjs-gltf2interface/-/babylonjs-gltf2interface-5.18.0.tgz",
      "integrity": "sha512-VucYtbedtHv89lEhgrD5ULoXTCcU8ZjyBygdh06VybiVSaCzQqTxam6ZFibazpkzB6maSHe8yAm3wE1EPfOxhg==",
      "peer": true
    },
    "copy-dir": {
      "version": "1.3.0",
      "resolved": "https://registry.npmjs.org/copy-dir/-/copy-dir-1.3.0.tgz",
      "integrity": "sha512-Q4+qBFnN4bwGwvtXXzbp4P/4iNk0MaiGAzvQ8OiMtlLjkIKjmNN689uVzShSM0908q7GoFHXIPx4zi75ocoaHw=="
    },
    "node-abort-controller": {
      "version": "3.0.1",
      "resolved": "https://registry.npmjs.org/node-abort-controller/-/node-abort-controller-3.0.1.tgz",
      "integrity": "sha512-/ujIVxthRs+7q6hsdjHMaj8hRG9NuWmwrz+JdRwZ14jdFoKSkm+vDsCbF9PLpnSqjaWQJuTmVtcWHNLr+vrOFw=="
    },
    "tslib": {
      "version": "2.4.0",
      "resolved": "https://registry.npmjs.org/tslib/-/tslib-2.4.0.tgz",
      "integrity": "sha512-d6xOpEDfsi2CZVlPQzGeux8XMwLT9hssAsaPYExaQMuYskwb+x1x7J371tWlbBdWHroy99KnVB6qIkUbs5X3UQ=="
    }
  }
}
